
Microsoft Visual Studio Solution File, Format Version 12.00
# Visual Studio Version 16
VisualStudioVersion = 16.0.29102.190
MinimumVisualStudioVersion = 10.0.40219.1
Project("{888888A0-9F3D-457C-B088-3A5042F75D52}") = "ISC-Server", "ISC-Server.pyproj", "{DA5B4283-B55F-4862-83B2-BEC198E5C284}"
EndProject
Global
	GlobalSection(SolutionConfigurationPlatforms) = preSolution
		Debug|Any CPU = Debug|Any CPU
		Release|Any CPU = Release|Any CPU
	EndGlobalSection
	GlobalSection(ProjectConfigurationPlatforms) = postSolution
		{DA5B4283-B55F-4862-83B2-BEC198E5C284}.Debug|Any CPU.ActiveCfg = Debug|Any CPU
		{DA5B4283-B55F-4862-83B2-BEC198E5C284}.Debug|Any CPU.Build.0 = Debug|Any CPU
		{DA5B4283-B55F-4862-83B2-BEC198E5C284}.Release|Any CPU.ActiveCfg = Release|Any CPU
		{DA5B4283-B55F-4862-83B2-BEC198E5C284}.Release|Any CPU.Build.0 = Release|Any CPU
	EndGlobalSection
	GlobalSection(SolutionProperties) = preSolution
		HideSolutionNode = FALSE
	EndGlobalSection
	GlobalSection(ExtensibilityGlobals) = postSolution
		SolutionGuid = {036BD800-6B42-4D3F-A5AD-8AF2081FF58B}
	EndGlobalSection
EndGlobal
